// !$*UTF8*$!
{
	archiveVersion = 1;
	classes = {
	};
	objectVersion = 50;
	objects = {

/* Begin PBXBuildFile section */
		50492AFD25C40A590021AE6D /* Answer.swift in Sources */ = {isa = PBXBuildFile; fileRef = 50492AFC25C40A590021AE6D /* Answer.swift */; };
		50C811C825C16CCF0022ADE0 /* AppDelegate.swift in Sources */ = {isa = PBXBuildFile; fileRef = 50C811C725C16CCF0022ADE0 /* AppDelegate.swift */; };
		50C811CA25C16CCF0022ADE0 /* SceneDelegate.swift in Sources */ = {isa = PBXBuildFile; fileRef = 50C811C925C16CCF0022ADE0 /* SceneDelegate.swift */; };
		50C811CF25C16CCF0022ADE0 /* Main.storyboard in Resources */ = {isa = PBXBuildFile; fileRef = 50C811CD25C16CCF0022ADE0 /* Main.storyboard */; };
		50C811D125C16CD00022ADE0 /* Assets.xcassets in Resources */ = {isa = PBXBuildFile; fileRef = 50C811D025C16CD00022ADE0 /* Assets.xcassets */; };
		50C811D425C16CD00022ADE0 /* LaunchScreen.storyboard in Resources */ = {isa = PBXBuildFile; fileRef = 50C811D225C16CD00022ADE0 /* LaunchScreen.storyboard */; };
		50C811E225C1727C0022ADE0 /* Question.swift in Sources */ = {isa = PBXBuildFile; fileRef = 50C811E125C1727C0022ADE0 /* Question.swift */; };
		50C811E925C1750D0022ADE0 /* HistoryViewCell.swift in Sources */ = {isa = PBXBuildFile; fileRef = 50C811E725C1750D0022ADE0 /* HistoryViewCell.swift */; };
		50C811EA25C1750D0022ADE0 /* HistoryViewCell.xib in Resources */ = {isa = PBXBuildFile; fileRef = 50C811E825C1750D0022ADE0 /* HistoryViewCell.xib */; };
		50C811ED25C176380022ADE0 /* HistoryViewController.swift in Sources */ = {isa = PBXBuildFile; fileRef = 50C811EC25C176380022ADE0 /* HistoryViewController.swift */; };
		50C811F025C1766E0022ADE0 /* ResultViewController.swift in Sources */ = {isa = PBXBuildFile; fileRef = 50C811EF25C1766E0022ADE0 /* ResultViewController.swift */; };
		50C811F325C176B30022ADE0 /* QuestionViewController.swift in Sources */ = {isa = PBXBuildFile; fileRef = 50C811F225C176B30022ADE0 /* QuestionViewController.swift */; };
		50C811F625C177520022ADE0 /* MainViewController.swift in Sources */ = {isa = PBXBuildFile; fileRef = 50C811F525C177520022ADE0 /* MainViewController.swift */; };
		50F75AF725C6AE370077D3DC /* images in Resources */ = {isa = PBXBuildFile; fileRef = 50F75AF625C6AE370077D3DC /* images */; };
/* End PBXBuildFile section */

/* Begin PBXFileReference section */
		50492AFC25C40A590021AE6D /* Answer.swift */ = {isa = PBXFileReference; lastKnownFileType = sourcecode.swift; path = Answer.swift; sourceTree = "<group>"; };
		50C811C425C16CCF0022ADE0 /* QuizApp.app */ = {isa = PBXFileReference; explicitFileType = wrapper.application; includeInIndex = 0; path = QuizApp.app; sourceTree = BUILT_PRODUCTS_DIR; };
		50C811C725C16CCF0022ADE0 /* AppDelegate.swift */ = {isa = PBXFileReference; lastKnownFileType = sourcecode.swift; path = AppDelegate.swift; sourceTree = "<group>"; };
		50C811C925C16CCF0022ADE0 /* SceneDelegate.swift */ = {isa = PBXFileReference; lastKnownFileType = sourcecode.swift; path = SceneDelegate.swift; sourceTree = "<group>"; };
		50C811CE25C16CCF0022ADE0 /* Base */ = {isa = PBXFileReference; lastKnownFileType = file.storyboard; name = Base; path = Base.lproj/Main.storyboard; sourceTree = "<group>"; };
		50C811D025C16CD00022ADE0 /* Assets.xcassets */ = {isa = PBXFileReference; lastKnownFileType = folder.assetcatalog; path = Assets.xcassets; sourceTree = "<group>"; };
		50C811D325C16CD00022ADE0 /* Base */ = {isa = PBXFileReference; lastKnownFileType = file.storyboard; name = Base; path = Base.lproj/LaunchScreen.storyboard; sourceTree = "<group>"; };
		50C811D525C16CD00022ADE0 /* Info.plist */ = {isa = PBXFileReference; lastKnownFileType = text.plist.xml; path = Info.plist; sourceTree = "<group>"; };
		50C811E125C1727C0022ADE0 /* Question.swift */ = {isa = PBXFileReference; lastKnownFileType = sourcecode.swift; path = Question.swift; sourceTree = "<group>"; };
		50C811E725C1750D0022ADE0 /* HistoryViewCell.swift */ = {isa = PBXFileReference; lastKnownFileType = sourcecode.swift; path = HistoryViewCell.swift; sourceTree = "<group>"; };
		50C811E825C1750D0022ADE0 /* HistoryViewCell.xib */ = {isa = PBXFileReference; lastKnownFileType = file.xib; path = HistoryViewCell.xib; sourceTree = "<group>"; };
		50C811EC25C176380022ADE0 /* HistoryViewController.swift */ = {isa = PBXFileReference; lastKnownFileType = sourcecode.swift; path = HistoryViewController.swift; sourceTree = "<group>"; };
		50C811EF25C1766E0022ADE0 /* ResultViewController.swift */ = {isa = PBXFileReference; lastKnownFileType = sourcecode.swift; path = ResultViewController.swift; sourceTree = "<group>"; };
		50C811F225C176B30022ADE0 /* QuestionViewController.swift */ = {isa = PBXFileReference; lastKnownFileType = sourcecode.swift; path = QuestionViewController.swift; sourceTree = "<group>"; };
		50C811F525C177520022ADE0 /* MainViewController.swift */ = {isa = PBXFileReference; lastKnownFileType = sourcecode.swift; path = MainViewController.swift; sourceTree = "<group>"; };
		50F75AF625C6AE370077D3DC /* images */ = {isa = PBXFileReference; lastKnownFileType = folder; name = images; path = ../../../images; sourceTree = "<group>"; };
/* End PBXFileReference section */

/* Begin PBXFrameworksBuildPhase section */
		50C811C125C16CCE0022ADE0 /* Frameworks */ = {
			isa = PBXFrameworksBuildPhase;
			buildActionMask = 2147483647;
			files = (
			);
			runOnlyForDeploymentPostprocessing = 0;
		};
/* End PBXFrameworksBuildPhase section */

/* Begin PBXGroup section */
		50C811BB25C16CCE0022ADE0 = {
			isa = PBXGroup;
			children = (
				50C811C625C16CCF0022ADE0 /* QuizApp */,
				50C811C525C16CCF0022ADE0 /* Products */,
			);
			sourceTree = "<group>";
		};
		50C811C525C16CCF0022ADE0 /* Products */ = {
			isa = PBXGroup;
			children = (
				50C811C425C16CCF0022ADE0 /* QuizApp.app */,
			);
			name = Products;
			sourceTree = "<group>";
		};
		50C811C625C16CCF0022ADE0 /* QuizApp */ = {
			isa = PBXGroup;
			children = (
				50F75AF625C6AE370077D3DC /* images */,
				50C811E025C1722A0022ADE0 /* models */,
				50C811DE25C171F00022ADE0 /* cell */,
				50C811DD25C171E30022ADE0 /* storyboard */,
				50C811DC25C171CC0022ADE0 /* controlllers */,
				50C811C725C16CCF0022ADE0 /* AppDelegate.swift */,
				50C811C925C16CCF0022ADE0 /* SceneDelegate.swift */,
				50C811D025C16CD00022ADE0 /* Assets.xcassets */,
				50C811D525C16CD00022ADE0 /* Info.plist */,
			);
			path = QuizApp;
			sourceTree = "<group>";
		};
		50C811DC25C171CC0022ADE0 /* controlllers */ = {
			isa = PBXGroup;
			children = (
				50C811EC25C176380022ADE0 /* HistoryViewController.swift */,
				50C811EF25C1766E0022ADE0 /* ResultViewController.swift */,
				50C811F225C176B30022ADE0 /* QuestionViewController.swift */,
				50C811F525C177520022ADE0 /* MainViewController.swift */,
			);
			path = controlllers;
			sourceTree = "<group>";
		};
		50C811DD25C171E30022ADE0 /* storyboard */ = {
			isa = PBXGroup;
			children = (
				50C811D225C16CD00022ADE0 /* LaunchScreen.storyboard */,
				50C811CD25C16CCF0022ADE0 /* Main.storyboard */,
			);
			path = storyboard;
			sourceTree = "<group>";
		};
		50C811DE25C171F00022ADE0 /* cell */ = {
			isa = PBXGroup;
			children = (
				50C811E725C1750D0022ADE0 /* HistoryViewCell.swift */,
				50C811E825C1750D0022ADE0 /* HistoryViewCell.xib */,
			);
			path = cell;
			sourceTree = "<group>";
		};
		50C811E025C1722A0022ADE0 /* models */ = {
			isa = PBXGroup;
			children = (
				50C811E125C1727C0022ADE0 /* Question.swift */,
				50492AFC25C40A590021AE6D /* Answer.swift */,
			);
			path = models;
			sourceTree = "<group>";
		};
/* End PBXGroup section */

/* Begin PBXNativeTarget section */
		50C811C325C16CCE0022ADE0 /* QuizApp */ = {
			isa = PBXNativeTarget;
			buildConfigurationList = 50C811D825C16CD00022ADE0 /* Build configuration list for PBXNativeTarget "QuizApp" */;
			buildPhases = (
				50C811C025C16CCE0022ADE0 /* Sources */,
				50C811C125C16CCE0022ADE0 /* Frameworks */,
				50C811C225C16CCE0022ADE0 /* Resources */,
			);
			buildRules = (
			);
			dependencies = (
			);
			name = QuizApp;
			productName = QuizApp;
			productReference = 50C811C425C16CCF0022ADE0 /* QuizApp.app */;
			productType = "com.apple.product-type.application";
		};
/* End PBXNativeTarget section */

/* Begin PBXProject section */
		50C811BC25C16CCE0022ADE0 /* Project object */ = {
			isa = PBXProject;
			attributes = {
				LastSwiftUpdateCheck = 1220;
				LastUpgradeCheck = 1220;
				TargetAttributes = {
					50C811C325C16CCE0022ADE0 = {
						CreatedOnToolsVersion = 12.2;
					};
				};
			};
			buildConfigurationList = 50C811BF25C16CCE0022ADE0 /* Build configuration list for PBXProject "QuizApp" */;
			compatibilityVersion = "Xcode 9.3";
			developmentRegion = en;
			hasScannedForEncodings = 0;
			knownRegions = (
				en,
				Base,
			);
			mainGroup = 50C811BB25C16CCE0022ADE0;
			productRefGroup = 50C811C525C16CCF0022ADE0 /* Products */;
			projectDirPath = "";
			projectRoot = "";
			targets = (
				50C811C325C16CCE0022ADE0 /* QuizApp */,
			);
		};
/* End PBXProject section */

/* Begin PBXResourcesBuildPhase section */
		50C811C225C16CCE0022ADE0 /* Resources */ = {
			isa = PBXResourcesBuildPhase;
			buildActionMask = 2147483647;
			files = (
				50F75AF725C6AE370077D3DC /* images in Resources */,
				50C811D425C16CD00022ADE0 /* LaunchScreen.storyboard in Resources */,
				50C811EA25C1750D0022ADE0 /* HistoryViewCell.xib in Resources */,
				50C811D125C16CD00022ADE0 /* Assets.xcassets in Resources */,
				50C811CF25C16CCF0022ADE0 /* Main.storyboard in Resources */,
			);
			runOnlyForDeploymentPostprocessing = 0;
		};
/* End PBXResourcesBuildPhase section */

/* Begin PBXSourcesBuildPhase section */
		50C811C025C16CCE0022ADE0 /* Sources */ = {
			isa = PBXSourcesBuildPhase;
			buildActionMask = 2147483647;
			files = (
				50C811E225C1727C0022ADE0 /* Question.swift in Sources */,
				50C811F025C1766E0022ADE0 /* ResultViewController.swift in Sources */,
				50C811C825C16CCF0022ADE0 /* AppDelegate.swift in Sources */,
				50492AFD25C40A590021AE6D /* Answer.swift in Sources */,
				50C811CA25C16CCF0022ADE0 /* SceneDelegate.swift in Sources */,
				50C811ED25C176380022ADE0 /* HistoryViewController.swift in Sources */,
				50C811E925C1750D0022ADE0 /* HistoryViewCell.swift in Sources */,
				50C811F325C176B30022ADE0 /* QuestionViewController.swift in Sources */,
				50C811F625C177520022ADE0 /* MainViewController.swift in Sources */,
			);
			runOnlyForDeploymentPostprocessing = 0;
		};
/* End PBXSourcesBuildPhase section */

/* Begin PBXVariantGroup section */
		50C811CD25C16CCF0022ADE0 /* Main.storyboard */ = {
			isa = PBXVariantGroup;
			children = (
				50C811CE25C16CCF0022ADE0 /* Base */,
			);
			name = Main.storyboard;
			sourceTree = "<group>";
		};
		50C811D225C16CD00022ADE0 /* LaunchScreen.storyboard */ = {
			isa = PBXVariantGroup;
			children = (
				50C811D325C16CD00022ADE0 /* Base */,
			);
			name = LaunchScreen.storyboard;
			sourceTree = "<group>";
		};
/* End PBXVariantGroup section */

/* Begin XCBuildConfiguration section */
		50C811D625C16CD00022ADE0 /* Debug */ = {
			isa = XCBuildConfiguration;
			buildSettings = {
				ALWAYS_SEARCH_USER_PATHS = NO;
				CLANG_ANALYZER_NONNULL = YES;
				CLANG_ANALYZER_NUMBER_OBJECT_CONVERSION = YES_AGGRESSIVE;
				CLANG_CXX_LANGUAGE_STANDARD = "gnu++14";
				CLANG_CXX_LIBRARY = "libc++";
				CLANG_ENABLE_MODULES = YES;
				CLANG_ENABLE_OBJC_ARC = YES;
				CLANG_ENABLE_OBJC_WEAK = YES;
				CLANG_WARN_BLOCK_CAPTURE_AUTORELEASING = YES;
				CLANG_WARN_BOOL_CONVERSION = YES;
				CLANG_WARN_COMMA = YES;
				CLANG_WARN_CONSTANT_CONVERSION = YES;
				CLANG_WARN_DEPRECATED_OBJC_IMPLEMENTATIONS = YES;
				CLANG_WARN_DIRECT_OBJC_ISA_USAGE = YES_ERROR;
				CLANG_WARN_DOCUMENTATION_COMMENTS = YES;
				CLANG_WARN_EMPTY_BODY = YES;
				CLANG_WARN_ENUM_CONVERSION = YES;
				CLANG_WARN_INFINITE_RECURSION = YES;
				CLANG_WARN_INT_CONVERSION = YES;
				CLANG_WARN_NON_LITERAL_NULL_CONVERSION = YES;
				CLANG_WARN_OBJC_IMPLICIT_RETAIN_SELF = YES;
				CLANG_WARN_OBJC_LITERAL_CONVERSION = YES;
				CLANG_WARN_OBJC_ROOT_CLASS = YES_ERROR;
				CLANG_WARN_QUOTED_INCLUDE_IN_FRAMEWORK_HEADER = YES;
				CLANG_WARN_RANGE_LOOP_ANALYSIS = YES;
				CLANG_WARN_STRICT_PROTOTYPES = YES;
				CLANG_WARN_SUSPICIOUS_MOVE = YES;
				CLANG_WARN_UNGUARDED_AVAILABILITY = YES_AGGRESSIVE;
				CLANG_WARN_UNREACHABLE_CODE = YES;
				CLANG_WARN__DUPLICATE_METHOD_MATCH = YES;
				COPY_PHASE_STRIP = NO;
				DEBUG_INFORMATION_FORMAT = dwarf;
				ENABLE_STRICT_OBJC_MSGSEND = YES;
				ENABLE_TESTABILITY = YES;
				GCC_C_LANGUAGE_STANDARD = gnu11;
				GCC_DYNAMIC_NO_PIC = NO;
				GCC_NO_COMMON_BLOCKS = YES;
				GCC_OPTIMIZATION_LEVEL = 0;
				GCC_PREPROCESSOR_DEFINITIONS = (
					"DEBUG=1",
					"$(inherited)",
				);
				GCC_WARN_64_TO_32_BIT_CONVERSION = YES;
				GCC_WARN_ABOUT_RETURN_TYPE = YES_ERROR;
				GCC_WARN_UNDECLARED_SELECTOR = YES;
				GCC_WARN_UNINITIALIZED_AUTOS = YES_AGGRESSIVE;
				GCC_WARN_UNUSED_FUNCTION = YES;
				GCC_WARN_UNUSED_VARIABLE = YES;
				IPHONEOS_DEPLOYMENT_TARGET = 14.2;
				MTL_ENABLE_DEBUG_INFO = INCLUDE_SOURCE;
				MTL_FAST_MATH = YES;
				ONLY_ACTIVE_ARCH = YES;
				SDKROOT = iphoneos;
				SWIFT_ACTIVE_COMPILATION_CONDITIONS = DEBUG;
				SWIFT_OPTIMIZATION_LEVEL = "-Onone";
			};
			name = Debug;
		};
		50C811D725C16CD00022ADE0 /* Release */ = {
			isa = XCBuildConfiguration;
			buildSettings = {
				ALWAYS_SEARCH_USER_PATHS = NO;
				CLANG_ANALYZER_NONNULL = YES;
				CLANG_ANALYZER_NUMBER_OBJECT_CONVERSION = YES_AGGRESSIVE;
				CLANG_CXX_LANGUAGE_STANDARD = "gnu++14";
				CLANG_CXX_LIBRARY = "libc++";
				CLANG_ENABLE_MODULES = YES;
				CLANG_ENABLE_OBJC_ARC = YES;
				CLANG_ENABLE_OBJC_WEAK = YES;
				CLANG_WARN_BLOCK_CAPTURE_AUTORELEASING = YES;
				CLANG_WARN_BOOL_CONVERSION = YES;
				CLANG_WARN_COMMA = YES;
				CLANG_WARN_CONSTANT_CONVERSION = YES;
				CLANG_WARN_DEPRECATED_OBJC_IMPLEMENTATIONS = YES;
				CLANG_WARN_DIRECT_OBJC_ISA_USAGE = YES_ERROR;
				CLANG_WARN_DOCUMENTATION_COMMENTS = YES;
				CLANG_WARN_EMPTY_BODY = YES;
				CLANG_WARN_ENUM_CONVERSION = YES;
				CLANG_WARN_INFINITE_RECURSION = YES;
				CLANG_WARN_INT_CONVERSION = YES;
				CLANG_WARN_NON_LITERAL_NULL_CONVERSION = YES;
				CLANG_WARN_OBJC_IMPLICIT_RETAIN_SELF = YES;
				CLANG_WARN_OBJC_LITERAL_CONVERSION = YES;
				CLANG_WARN_OBJC_ROOT_CLASS = YES_ERROR;
				CLANG_WARN_QUOTED_INCLUDE_IN_FRAMEWORK_HEADER = YES;
				CLANG_WARN_RANGE_LOOP_ANALYSIS = YES;
				CLANG_WARN_STRICT_PROTOTYPES = YES;
				CLANG_WARN_SUSPICIOUS_MOVE = YES;
				CLANG_WARN_UNGUARDED_AVAILABILITY = YES_AGGRESSIVE;
				CLANG_WARN_UNREACHABLE_CODE = YES;
				CLANG_WARN__DUPLICATE_METHOD_MATCH = YES;
				COPY_PHASE_STRIP = NO;
				DEBUG_INFORMATION_FORMAT = "dwarf-with-dsym";
				ENABLE_NS_ASSERTIONS = NO;
				ENABLE_STRICT_OBJC_MSGSEND = YES;
				GCC_C_LANGUAGE_STANDARD = gnu11;
				GCC_NO_COMMON_BLOCKS = YES;
				GCC_WARN_64_TO_32_BIT_CONVERSION = YES;
				GCC_WARN_ABOUT_RETURN_TYPE = YES_ERROR;
				GCC_WARN_UNDECLARED_SELECTOR = YES;
				GCC_WARN_UNINITIALIZED_AUTOS = YES_AGGRESSIVE;
				GCC_WARN_UNUSED_FUNCTION = YES;
				GCC_WARN_UNUSED_VARIABLE = YES;
				IPHONEOS_DEPLOYMENT_TARGET = 14.2;
				MTL_ENABLE_DEBUG_INFO = NO;
				MTL_FAST_MATH = YES;
				SDKROOT = iphoneos;
				SWIFT_COMPILATION_MODE = wholemodule;
				SWIFT_OPTIMIZATION_LEVEL = "-O";
				VALIDATE_PRODUCT = YES;
			};
			name = Release;
		};
		50C811D925C16CD00022ADE0 /* Debug */ = {
			isa = XCBuildConfiguration;
			buildSettings = {
				ASSETCATALOG_COMPILER_APPICON_NAME = AppIcon;
				ASSETCATALOG_COMPILER_GLOBAL_ACCENT_COLOR_NAME = AccentColor;
				CODE_SIGN_STYLE = Automatic;
				DEVELOPMENT_TEAM = 5FWGPV25T8;
				INFOPLIST_FILE = QuizApp/Info.plist;
				LD_RUNPATH_SEARCH_PATHS = (
					"$(inherited)",
					"@executable_path/Frameworks",
				);
				PRODUCT_BUNDLE_IDENTIFIER = none.QuizApp;
				PRODUCT_NAME = "$(TARGET_NAME)";
				SWIFT_VERSION = 5.0;
				TARGETED_DEVICE_FAMILY = "1,2";
			};
			name = Debug;
		};
		50C811DA25C16CD00022ADE0 /* Release */ = {
			isa = XCBuildConfiguration;
			buildSettings = {
				ASSETCATALOG_COMPILER_APPICON_NAME = AppIcon;
				ASSETCATALOG_COMPILER_GLOBAL_ACCENT_COLOR_NAME = AccentColor;
				CODE_SIGN_STYLE = Automatic;
				DEVELOPMENT_TEAM = 5FWGPV25T8;
				INFOPLIST_FILE = QuizApp/Info.plist;
				LD_RUNPATH_SEARCH_PATHS = (
					"$(inherited)",
					"@executable_path/Frameworks",
				);
				PRODUCT_BUNDLE_IDENTIFIER = none.QuizApp;
				PRODUCT_NAME = "$(TARGET_NAME)";
				SWIFT_VERSION = 5.0;
				TARGETED_DEVICE_FAMILY = "1,2";
			};
			name = Release;
		};
/* End XCBuildConfiguration section */

/* Begin XCConfigurationList section */
		50C811BF25C16CCE0022ADE0 /* Build configuration list for PBXProject "QuizApp" */ = {
			isa = XCConfigurationList;
			buildConfigurations = (
				50C811D625C16CD00022ADE0 /* Debug */,
				50C811D725C16CD00022ADE0 /* Release */,
			);
			defaultConfigurationIsVisible = 0;
			defaultConfigurationName = Release;
		};
		50C811D825C16CD00022ADE0 /* Build configuration list for PBXNativeTarget "QuizApp" */ = {
			isa = XCConfigurationList;
			buildConfigurations = (
				50C811D925C16CD00022ADE0 /* Debug */,
				50C811DA25C16CD00022ADE0 /* Release */,
			);
			defaultConfigurationIsVisible = 0;
			defaultConfigurationName = Release;
		};
/* End XCConfigurationList section */
	};
	rootObject = 50C811BC25C16CCE0022ADE0 /* Project object */;
}
